// !$*UTF8*$!
{
	archiveVersion = 1;
	classes = {
	};
	objectVersion = 47;
	objects = {

/* Begin PBXBuildFile section */
		326599FD9C119F0A4FF21D9D /* (null) in Frameworks */ = {isa = PBXBuildFile; };
		8C10125C19403C7D00ED0557 /* AppDelegate.swift in Sources */ = {isa = PBXBuildFile; fileRef = 8C10125B19403C7D00ED0557 /* AppDelegate.swift */; };
		8C10125E19403C7D00ED0557 /* MainViewController.swift in Sources */ = {isa = PBXBuildFile; fileRef = 8C10125D19403C7D00ED0557 /* MainViewController.swift */; };
		8C10126119403C7D00ED0557 /* Main.storyboard in Resources */ = {isa = PBXBuildFile; fileRef = 8C10125F19403C7D00ED0557 /* Main.storyboard */; };
		8C10126319403C7D00ED0557 /* Images.xcassets in Resources */ = {isa = PBXBuildFile; fileRef = 8C10126219403C7D00ED0557 /* Images.xcassets */; };
		8C10126F19403C7D00ED0557 /* bnaTests.swift in Sources */ = {isa = PBXBuildFile; fileRef = 8C10126E19403C7D00ED0557 /* bnaTests.swift */; };
		8C62F139195ABD6B00E9FA4F /* Util.swift in Sources */ = {isa = PBXBuildFile; fileRef = 8C62F138195ABD6B00E9FA4F /* Util.swift */; };
		8CAA9B321B0CD06700796744 /* SystemConfiguration.framework in Frameworks */ = {isa = PBXBuildFile; fileRef = 8CAA9B311B0CD06700796744 /* SystemConfiguration.framework */; };
		8CAA9B3A1B0CD09300796744 /* bigd.c in Sources */ = {isa = PBXBuildFile; fileRef = 8CAA9B341B0CD09300796744 /* bigd.c */; };
		8CAA9B3B1B0CD09300796744 /* bigd.h in Headers */ = {isa = PBXBuildFile; fileRef = 8CAA9B351B0CD09300796744 /* bigd.h */; };
		8CAA9B3C1B0CD09300796744 /* bigdigits.c in Sources */ = {isa = PBXBuildFile; fileRef = 8CAA9B361B0CD09300796744 /* bigdigits.c */; };
		8CAA9B3D1B0CD09300796744 /* bigdigits.h in Headers */ = {isa = PBXBuildFile; fileRef = 8CAA9B371B0CD09300796744 /* bigdigits.h */; };
		8CAA9B3F1B0CD09300796744 /* bigdtypes.h in Headers */ = {isa = PBXBuildFile; fileRef = 8CAA9B391B0CD09300796744 /* bigdtypes.h */; };
		8CB98223195AA7D5007A7115 /* Padlock.h in Headers */ = {isa = PBXBuildFile; fileRef = 8CB98222195AA7D5007A7115 /* Padlock.h */; settings = {ATTRIBUTES = (Public, ); }; };
		8CB98229195AA7D5007A7115 /* Padlock.framework in Frameworks */ = {isa = PBXBuildFile; fileRef = 8CB9821E195AA7D5007A7115 /* Padlock.framework */; };
		8CB98230195AA7D5007A7115 /* PadlockTests.swift in Sources */ = {isa = PBXBuildFile; fileRef = 8CB9822F195AA7D5007A7115 /* PadlockTests.swift */; };
		8CB98233195AA7D5007A7115 /* Padlock.framework in Frameworks */ = {isa = PBXBuildFile; fileRef = 8CB9821E195AA7D5007A7115 /* Padlock.framework */; };
		8CB98234195AA7D5007A7115 /* Padlock.framework in Embed Frameworks */ = {isa = PBXBuildFile; fileRef = 8CB9821E195AA7D5007A7115 /* Padlock.framework */; settings = {ATTRIBUTES = (CodeSignOnCopy, ); }; };
		8CB9824B195AA962007A7115 /* Authenticator.swift in Sources */ = {isa = PBXBuildFile; fileRef = 8CB9823E195AA962007A7115 /* Authenticator.swift */; };
		8CB98251195AA962007A7115 /* Restorecode.swift in Sources */ = {isa = PBXBuildFile; fileRef = 8CB98245195AA962007A7115 /* Restorecode.swift */; };
		8CB98252195AA962007A7115 /* Secret.swift in Sources */ = {isa = PBXBuildFile; fileRef = 8CB98246195AA962007A7115 /* Secret.swift */; };
		8CB98253195AA962007A7115 /* Serial.swift in Sources */ = {isa = PBXBuildFile; fileRef = 8CB98247195AA962007A7115 /* Serial.swift */; };
		8CB98255195AA962007A7115 /* AuthenticatorStorage.swift in Sources */ = {isa = PBXBuildFile; fileRef = 8CB9824A195AA962007A7115 /* AuthenticatorStorage.swift */; };
		8CE4C5431B10B2BC00874BFA /* Functions.swift in Sources */ = {isa = PBXBuildFile; fileRef = 8CE4C5421B10B2BC00874BFA /* Functions.swift */; };
		8CF459DB195B02A6006F5F4E /* BNNavigationController.swift in Sources */ = {isa = PBXBuildFile; fileRef = 8CF459DA195B02A6006F5F4E /* BNNavigationController.swift */; };
		8CF7423B1958251B000275BC /* AuthenticatorCell.swift in Sources */ = {isa = PBXBuildFile; fileRef = 8CF7423A1958251B000275BC /* AuthenticatorCell.swift */; };
		8CF7423D19582549000275BC /* DetailViewController.swift in Sources */ = {isa = PBXBuildFile; fileRef = 8CF7423C19582549000275BC /* DetailViewController.swift */; };
		8CF7423F19582567000275BC /* RestorationViewController.swift in Sources */ = {isa = PBXBuildFile; fileRef = 8CF7423E19582567000275BC /* RestorationViewController.swift */; };
		C77D5F3BCB8A94C733D5F734 /* Pods.framework in Frameworks */ = {isa = PBXBuildFile; fileRef = 58882790754E097BC38AAA5F /* Pods.framework */; settings = {ATTRIBUTES = (Weak, ); }; };
		D157146BAB4191146D9D39E6 /* Pods.framework in Frameworks */ = {isa = PBXBuildFile; fileRef = 58882790754E097BC38AAA5F /* Pods.framework */; settings = {ATTRIBUTES = (Weak, ); }; };
/* End PBXBuildFile section */

/* Begin PBXContainerItemProxy section */
		8C10126919403C7D00ED0557 /* PBXContainerItemProxy */ = {
			isa = PBXContainerItemProxy;
			containerPortal = 8C10124E19403C7D00ED0557 /* Project object */;
			proxyType = 1;
			remoteGlobalIDString = 8C10125519403C7D00ED0557;
			remoteInfo = bna;
		};
		8C1D511419597248004D7FBC /* PBXContainerItemProxy */ = {
			isa = PBXContainerItemProxy;
			containerPortal = 8C10124E19403C7D00ED0557 /* Project object */;
			proxyType = 1;
			remoteGlobalIDString = 8C10125519403C7D00ED0557;
			remoteInfo = bna;
		};
		8C1D511619597249004D7FBC /* PBXContainerItemProxy */ = {
			isa = PBXContainerItemProxy;
			containerPortal = 8C10124E19403C7D00ED0557 /* Project object */;
			proxyType = 1;
			remoteGlobalIDString = 8C10125519403C7D00ED0557;
			remoteInfo = bna;
		};
		8C48B710194821D900829493 /* PBXContainerItemProxy */ = {
			isa = PBXContainerItemProxy;
			containerPortal = 8C10124E19403C7D00ED0557 /* Project object */;
			proxyType = 1;
			remoteGlobalIDString = 8C10125519403C7D00ED0557;
			remoteInfo = bna;
		};
		8CB9822A195AA7D5007A7115 /* PBXContainerItemProxy */ = {
			isa = PBXContainerItemProxy;
			containerPortal = 8C10124E19403C7D00ED0557 /* Project object */;
			proxyType = 1;
			remoteGlobalIDString = 8CB9821D195AA7D5007A7115;
			remoteInfo = Padlock;
		};
		8CB98231195AA7D5007A7115 /* PBXContainerItemProxy */ = {
			isa = PBXContainerItemProxy;
			containerPortal = 8C10124E19403C7D00ED0557 /* Project object */;
			proxyType = 1;
			remoteGlobalIDString = 8CB9821D195AA7D5007A7115;
			remoteInfo = Padlock;
		};
		8CB98235195AA7D5007A7115 /* PBXContainerItemProxy */ = {
			isa = PBXContainerItemProxy;
			containerPortal = 8C10124E19403C7D00ED0557 /* Project object */;
			proxyType = 1;
			remoteGlobalIDString = 8CB9821D195AA7D5007A7115;
			remoteInfo = Padlock;
		};
/* End PBXContainerItemProxy section */

/* Begin PBXCopyFilesBuildPhase section */
		8C48B706194821C500829493 /* Embed Frameworks */ = {
			isa = PBXCopyFilesBuildPhase;
			buildActionMask = 2147483647;
			dstPath = "";
			dstSubfolderSpec = 10;
			files = (
				8CB98234195AA7D5007A7115 /* Padlock.framework in Embed Frameworks */,
			);
			name = "Embed Frameworks";
			runOnlyForDeploymentPostprocessing = 0;
		};
/* End PBXCopyFilesBuildPhase section */

/* Begin PBXFileReference section */
		58882790754E097BC38AAA5F /* Pods.framework */ = {isa = PBXFileReference; explicitFileType = wrapper.framework; includeInIndex = 0; path = Pods.framework; sourceTree = BUILT_PRODUCTS_DIR; };
		7E9257AC2A737FAC37968EA6 /* Pods.debug.xcconfig */ = {isa = PBXFileReference; includeInIndex = 1; lastKnownFileType = text.xcconfig; name = Pods.debug.xcconfig; path = "Pods/Target Support Files/Pods/Pods.debug.xcconfig"; sourceTree = "<group>"; };
		8C10125619403C7D00ED0557 /* bna.app */ = {isa = PBXFileReference; explicitFileType = wrapper.application; includeInIndex = 0; path = bna.app; sourceTree = BUILT_PRODUCTS_DIR; };
		8C10125A19403C7D00ED0557 /* Info.plist */ = {isa = PBXFileReference; lastKnownFileType = text.plist.xml; path = Info.plist; sourceTree = "<group>"; };
		8C10125B19403C7D00ED0557 /* AppDelegate.swift */ = {isa = PBXFileReference; lastKnownFileType = sourcecode.swift; path = AppDelegate.swift; sourceTree = "<group>"; };
		8C10125D19403C7D00ED0557 /* MainViewController.swift */ = {isa = PBXFileReference; lastKnownFileType = sourcecode.swift; path = MainViewController.swift; sourceTree = "<group>"; };
		8C10126019403C7D00ED0557 /* Base */ = {isa = PBXFileReference; lastKnownFileType = file.storyboard; name = Base; path = Base.lproj/Main.storyboard; sourceTree = "<group>"; };
		8C10126219403C7D00ED0557 /* Images.xcassets */ = {isa = PBXFileReference; lastKnownFileType = folder.assetcatalog; path = Images.xcassets; sourceTree = "<group>"; };
		8C10126819403C7D00ED0557 /* bnaTests.xctest */ = {isa = PBXFileReference; explicitFileType = wrapper.cfbundle; includeInIndex = 0; path = bnaTests.xctest; sourceTree = BUILT_PRODUCTS_DIR; };
		8C10126D19403C7D00ED0557 /* Info.plist */ = {isa = PBXFileReference; lastKnownFileType = text.plist.xml; path = Info.plist; sourceTree = "<group>"; };
		8C10126E19403C7D00ED0557 /* bnaTests.swift */ = {isa = PBXFileReference; lastKnownFileType = sourcecode.swift; path = bnaTests.swift; sourceTree = "<group>"; };
		8C62F138195ABD6B00E9FA4F /* Util.swift */ = {isa = PBXFileReference; fileEncoding = 4; lastKnownFileType = sourcecode.swift; path = Util.swift; sourceTree = "<group>"; };
		8CAA9B2E1B0CCFE500796744 /* libcommonCrypto.dylib */ = {isa = PBXFileReference; lastKnownFileType = "compiled.mach-o.dylib"; name = libcommonCrypto.dylib; path = usr/lib/system/libcommonCrypto.dylib; sourceTree = SDKROOT; };
		8CAA9B311B0CD06700796744 /* SystemConfiguration.framework */ = {isa = PBXFileReference; lastKnownFileType = wrapper.framework; name = SystemConfiguration.framework; path = System/Library/Frameworks/SystemConfiguration.framework; sourceTree = SDKROOT; };
		8CAA9B341B0CD09300796744 /* bigd.c */ = {isa = PBXFileReference; fileEncoding = 4; lastKnownFileType = sourcecode.c.c; path = bigd.c; sourceTree = "<group>"; };
		8CAA9B351B0CD09300796744 /* bigd.h */ = {isa = PBXFileReference; fileEncoding = 4; lastKnownFileType = sourcecode.c.h; path = bigd.h; sourceTree = "<group>"; };
		8CAA9B361B0CD09300796744 /* bigdigits.c */ = {isa = PBXFileReference; fileEncoding = 4; lastKnownFileType = sourcecode.c.c; path = bigdigits.c; sourceTree = "<group>"; };
		8CAA9B371B0CD09300796744 /* bigdigits.h */ = {isa = PBXFileReference; fileEncoding = 4; lastKnownFileType = sourcecode.c.h; path = bigdigits.h; sourceTree = "<group>"; };
		8CAA9B391B0CD09300796744 /* bigdtypes.h */ = {isa = PBXFileReference; fileEncoding = 4; lastKnownFileType = sourcecode.c.h; path = bigdtypes.h; sourceTree = "<group>"; };
		8CB9821E195AA7D5007A7115 /* Padlock.framework */ = {isa = PBXFileReference; explicitFileType = wrapper.framework; includeInIndex = 0; path = Padlock.framework; sourceTree = BUILT_PRODUCTS_DIR; };
		8CB98221195AA7D5007A7115 /* Info.plist */ = {isa = PBXFileReference; lastKnownFileType = text.plist.xml; path = Info.plist; sourceTree = "<group>"; };
		8CB98222195AA7D5007A7115 /* Padlock.h */ = {isa = PBXFileReference; lastKnownFileType = sourcecode.c.h; path = Padlock.h; sourceTree = "<group>"; };
		8CB98228195AA7D5007A7115 /* PadlockTests.xctest */ = {isa = PBXFileReference; explicitFileType = wrapper.cfbundle; includeInIndex = 0; path = PadlockTests.xctest; sourceTree = BUILT_PRODUCTS_DIR; };
		8CB9822E195AA7D5007A7115 /* Info.plist */ = {isa = PBXFileReference; lastKnownFileType = text.plist.xml; path = Info.plist; sourceTree = "<group>"; };
		8CB9822F195AA7D5007A7115 /* PadlockTests.swift */ = {isa = PBXFileReference; lastKnownFileType = sourcecode.swift; path = PadlockTests.swift; sourceTree = "<group>"; };
		8CB9823E195AA962007A7115 /* Authenticator.swift */ = {isa = PBXFileReference; fileEncoding = 4; lastKnownFileType = sourcecode.swift; path = Authenticator.swift; sourceTree = "<group>"; };
		8CB98245195AA962007A7115 /* Restorecode.swift */ = {isa = PBXFileReference; fileEncoding = 4; lastKnownFileType = sourcecode.swift; path = Restorecode.swift; sourceTree = "<group>"; };
		8CB98246195AA962007A7115 /* Secret.swift */ = {isa = PBXFileReference; fileEncoding = 4; lastKnownFileType = sourcecode.swift; path = Secret.swift; sourceTree = "<group>"; };
		8CB98247195AA962007A7115 /* Serial.swift */ = {isa = PBXFileReference; fileEncoding = 4; lastKnownFileType = sourcecode.swift; path = Serial.swift; sourceTree = "<group>"; };
		8CB9824A195AA962007A7115 /* AuthenticatorStorage.swift */ = {isa = PBXFileReference; fileEncoding = 4; lastKnownFileType = sourcecode.swift; path = AuthenticatorStorage.swift; sourceTree = "<group>"; };
		8CE4C5421B10B2BC00874BFA /* Functions.swift */ = {isa = PBXFileReference; fileEncoding = 4; lastKnownFileType = sourcecode.swift; path = Functions.swift; sourceTree = "<group>"; };
		8CF459DA195B02A6006F5F4E /* BNNavigationController.swift */ = {isa = PBXFileReference; fileEncoding = 4; lastKnownFileType = sourcecode.swift; path = BNNavigationController.swift; sourceTree = "<group>"; };
		8CF7423A1958251B000275BC /* AuthenticatorCell.swift */ = {isa = PBXFileReference; fileEncoding = 4; lastKnownFileType = sourcecode.swift; path = AuthenticatorCell.swift; sourceTree = "<group>"; };
		8CF7423C19582549000275BC /* DetailViewController.swift */ = {isa = PBXFileReference; fileEncoding = 4; lastKnownFileType = sourcecode.swift; path = DetailViewController.swift; sourceTree = "<group>"; };
		8CF7423E19582567000275BC /* RestorationViewController.swift */ = {isa = PBXFileReference; fileEncoding = 4; lastKnownFileType = sourcecode.swift; path = RestorationViewController.swift; sourceTree = "<group>"; };
		B16347C85EAE83DBE4BBCF65 /* Pods.release.xcconfig */ = {isa = PBXFileReference; includeInIndex = 1; lastKnownFileType = text.xcconfig; name = Pods.release.xcconfig; path = "Pods/Target Support Files/Pods/Pods.release.xcconfig"; sourceTree = "<group>"; };
/* End PBXFileReference section */

/* Begin PBXFrameworksBuildPhase section */
		8C10125319403C7D00ED0557 /* Frameworks */ = {
			isa = PBXFrameworksBuildPhase;
			buildActionMask = 2147483647;
			files = (
				8CB98233195AA7D5007A7115 /* Padlock.framework in Frameworks */,
				D157146BAB4191146D9D39E6 /* Pods.framework in Frameworks */,
			);
			runOnlyForDeploymentPostprocessing = 0;
		};
		8C10126519403C7D00ED0557 /* Frameworks */ = {
			isa = PBXFrameworksBuildPhase;
			buildActionMask = 2147483647;
			files = (
			);
			runOnlyForDeploymentPostprocessing = 0;
		};
		8CB9821A195AA7D5007A7115 /* Frameworks */ = {
			isa = PBXFrameworksBuildPhase;
			buildActionMask = 2147483647;
			files = (
				8CAA9B321B0CD06700796744 /* SystemConfiguration.framework in Frameworks */,
				326599FD9C119F0A4FF21D9D /* (null) in Frameworks */,
				C77D5F3BCB8A94C733D5F734 /* Pods.framework in Frameworks */,
			);
			runOnlyForDeploymentPostprocessing = 0;
		};
		8CB98225195AA7D5007A7115 /* Frameworks */ = {
			isa = PBXFrameworksBuildPhase;
			buildActionMask = 2147483647;
			files = (
				8CB98229195AA7D5007A7115 /* Padlock.framework in Frameworks */,
			);
			runOnlyForDeploymentPostprocessing = 0;
		};
/* End PBXFrameworksBuildPhase section */

/* Begin PBXGroup section */
		0AD13DBD02422C6122C8CA76 /* Pods */ = {
			isa = PBXGroup;
			children = (
				7E9257AC2A737FAC37968EA6 /* Pods.debug.xcconfig */,
				B16347C85EAE83DBE4BBCF65 /* Pods.release.xcconfig */,
			);
			name = Pods;
			sourceTree = "<group>";
		};
		42A1B1FC39414C05ABE03AF4 /* Frameworks */ = {
			isa = PBXGroup;
			children = (
				8CAA9B311B0CD06700796744 /* SystemConfiguration.framework */,
				8CAA9B2E1B0CCFE500796744 /* libcommonCrypto.dylib */,
				58882790754E097BC38AAA5F /* Pods.framework */,
			);
			name = Frameworks;
			sourceTree = "<group>";
		};
		8C10124D19403C7D00ED0557 = {
			isa = PBXGroup;
			children = (
				8C10125819403C7D00ED0557 /* bna */,
				8C10126B19403C7D00ED0557 /* bnaTests */,
				8CB9821F195AA7D5007A7115 /* Padlock */,
				8CB9822C195AA7D5007A7115 /* PadlockTests */,
				8C10125719403C7D00ED0557 /* Products */,
				42A1B1FC39414C05ABE03AF4 /* Frameworks */,
				0AD13DBD02422C6122C8CA76 /* Pods */,
			);
			sourceTree = "<group>";
		};
		8C10125719403C7D00ED0557 /* Products */ = {
			isa = PBXGroup;
			children = (
				8C10125619403C7D00ED0557 /* bna.app */,
				8C10126819403C7D00ED0557 /* bnaTests.xctest */,
				8CB9821E195AA7D5007A7115 /* Padlock.framework */,
				8CB98228195AA7D5007A7115 /* PadlockTests.xctest */,
			);
			name = Products;
			sourceTree = "<group>";
		};
		8C10125819403C7D00ED0557 /* bna */ = {
			isa = PBXGroup;
			children = (
				8C10125F19403C7D00ED0557 /* Main.storyboard */,
				8C10125B19403C7D00ED0557 /* AppDelegate.swift */,
				8C10125D19403C7D00ED0557 /* MainViewController.swift */,
				8CF7423A1958251B000275BC /* AuthenticatorCell.swift */,
				8CF7423C19582549000275BC /* DetailViewController.swift */,
				8CF7423E19582567000275BC /* RestorationViewController.swift */,
				8CF459DA195B02A6006F5F4E /* BNNavigationController.swift */,
				8C62F138195ABD6B00E9FA4F /* Util.swift */,
				8C10126219403C7D00ED0557 /* Images.xcassets */,
				8C10125919403C7D00ED0557 /* Supporting Files */,
			);
			path = bna;
			sourceTree = "<group>";
		};
		8C10125919403C7D00ED0557 /* Supporting Files */ = {
			isa = PBXGroup;
			children = (
				8C10125A19403C7D00ED0557 /* Info.plist */,
			);
			name = "Supporting Files";
			sourceTree = "<group>";
		};
		8C10126B19403C7D00ED0557 /* bnaTests */ = {
			isa = PBXGroup;
			children = (
				8C10126E19403C7D00ED0557 /* bnaTests.swift */,
				8C10126C19403C7D00ED0557 /* Supporting Files */,
			);
			path = bnaTests;
			sourceTree = "<group>";
		};
		8C10126C19403C7D00ED0557 /* Supporting Files */ = {
			isa = PBXGroup;
			children = (
				8C10126D19403C7D00ED0557 /* Info.plist */,
			);
			name = "Supporting Files";
			sourceTree = "<group>";
		};
		8CAA9B331B0CD09300796744 /* BigDigits */ = {
			isa = PBXGroup;
			children = (
				8CAA9B341B0CD09300796744 /* bigd.c */,
				8CAA9B351B0CD09300796744 /* bigd.h */,
				8CAA9B361B0CD09300796744 /* bigdigits.c */,
				8CAA9B371B0CD09300796744 /* bigdigits.h */,
				8CAA9B391B0CD09300796744 /* bigdtypes.h */,
			);
			path = BigDigits;
			sourceTree = "<group>";
		};
		8CB9821F195AA7D5007A7115 /* Padlock */ = {
			isa = PBXGroup;
			children = (
				8CB98222195AA7D5007A7115 /* Padlock.h */,
				8CB9823D195AA962007A7115 /* Authenticator */,
				8CB98249195AA962007A7115 /* AuthenticatorStorage */,
				8CB98220195AA7D5007A7115 /* Supporting Files */,
				8CB98270195AAC05007A7115 /* vendor */,
			);
			path = Padlock;
			sourceTree = "<group>";
		};
		8CB98220195AA7D5007A7115 /* Supporting Files */ = {
			isa = PBXGroup;
			children = (
				8CB98221195AA7D5007A7115 /* Info.plist */,
			);
			name = "Supporting Files";
			sourceTree = "<group>";
		};
		8CB9822C195AA7D5007A7115 /* PadlockTests */ = {
			isa = PBXGroup;
			children = (
				8CB9822F195AA7D5007A7115 /* PadlockTests.swift */,
				8CB9822D195AA7D5007A7115 /* Supporting Files */,
			);
			path = PadlockTests;
			sourceTree = "<group>";
		};
		8CB9822D195AA7D5007A7115 /* Supporting Files */ = {
			isa = PBXGroup;
			children = (
				8CB9822E195AA7D5007A7115 /* Info.plist */,
			);
			name = "Supporting Files";
			sourceTree = "<group>";
		};
		8CB9823D195AA962007A7115 /* Authenticator */ = {
			isa = PBXGroup;
			children = (
				8CE4C5421B10B2BC00874BFA /* Functions.swift */,
				8CB9823E195AA962007A7115 /* Authenticator.swift */,
				8CB98245195AA962007A7115 /* Restorecode.swift */,
				8CB98246195AA962007A7115 /* Secret.swift */,
				8CB98247195AA962007A7115 /* Serial.swift */,
			);
			path = Authenticator;
			sourceTree = "<group>";
		};
		8CB98249195AA962007A7115 /* AuthenticatorStorage */ = {
			isa = PBXGroup;
			children = (
				8CB9824A195AA962007A7115 /* AuthenticatorStorage.swift */,
			);
			path = AuthenticatorStorage;
			sourceTree = "<group>";
		};
		8CB98270195AAC05007A7115 /* vendor */ = {
			isa = PBXGroup;
			children = (
				8CAA9B331B0CD09300796744 /* BigDigits */,
			);
			name = vendor;
			path = ../vendor;
			sourceTree = "<group>";
		};
/* End PBXGroup section */

/* Begin PBXHeadersBuildPhase section */
		8CB9821B195AA7D5007A7115 /* Headers */ = {
			isa = PBXHeadersBuildPhase;
			buildActionMask = 2147483647;
			files = (
				8CAA9B3F1B0CD09300796744 /* bigdtypes.h in Headers */,
				8CAA9B3B1B0CD09300796744 /* bigd.h in Headers */,
				8CB98223195AA7D5007A7115 /* Padlock.h in Headers */,
				8CAA9B3D1B0CD09300796744 /* bigdigits.h in Headers */,
			);
			runOnlyForDeploymentPostprocessing = 0;
		};
/* End PBXHeadersBuildPhase section */

/* Begin PBXNativeTarget section */
		8C10125519403C7D00ED0557 /* bna */ = {
			isa = PBXNativeTarget;
			buildConfigurationList = 8C10127219403C7D00ED0557 /* Build configuration list for PBXNativeTarget "bna" */;
			buildPhases = (
				8CF3D06346E121C2C38C222B /* Check Pods Manifest.lock */,
				8C10125219403C7D00ED0557 /* Sources */,
				8C10125319403C7D00ED0557 /* Frameworks */,
				8C10125419403C7D00ED0557 /* Resources */,
				8C48B706194821C500829493 /* Embed Frameworks */,
				54C1C0DF0F36DACB81C0F2BA /* Copy Pods Resources */,
				F2F8965A571E2EA403ED3C46 /* Embed Pods Frameworks */,
			);
			buildRules = (
			);
			dependencies = (
				8CB98232195AA7D5007A7115 /* PBXTargetDependency */,
				8CB98236195AA7D5007A7115 /* PBXTargetDependency */,
			);
			name = bna;
			productName = bna;
			productReference = 8C10125619403C7D00ED0557 /* bna.app */;
			productType = "com.apple.product-type.application";
		};
		8C10126719403C7D00ED0557 /* bnaTests */ = {
			isa = PBXNativeTarget;
			buildConfigurationList = 8C10127519403C7D00ED0557 /* Build configuration list for PBXNativeTarget "bnaTests" */;
			buildPhases = (
				8C10126419403C7D00ED0557 /* Sources */,
				8C10126519403C7D00ED0557 /* Frameworks */,
				8C10126619403C7D00ED0557 /* Resources */,
			);
			buildRules = (
			);
			dependencies = (
				8C10126A19403C7D00ED0557 /* PBXTargetDependency */,
				8C48B711194821D900829493 /* PBXTargetDependency */,
				8C1D511519597248004D7FBC /* PBXTargetDependency */,
				8C1D511719597249004D7FBC /* PBXTargetDependency */,
			);
			name = bnaTests;
			productName = bnaTests;
			productReference = 8C10126819403C7D00ED0557 /* bnaTests.xctest */;
			productType = "com.apple.product-type.bundle.unit-test";
		};
		8CB9821D195AA7D5007A7115 /* Padlock */ = {
			isa = PBXNativeTarget;
			buildConfigurationList = 8CB9823B195AA7D5007A7115 /* Build configuration list for PBXNativeTarget "Padlock" */;
			buildPhases = (
				58C97EFDB2F6C753E3DE68DC /* Check Pods Manifest.lock */,
				8CB98219195AA7D5007A7115 /* Sources */,
				8CB9821A195AA7D5007A7115 /* Frameworks */,
				8CB9821B195AA7D5007A7115 /* Headers */,
				8CB9821C195AA7D5007A7115 /* Resources */,
				972BB9E8544DD61EA1A1439D /* Copy Pods Resources */,
			);
			buildRules = (
			);
			dependencies = (
			);
			name = Padlock;
			productName = Padlock;
			productReference = 8CB9821E195AA7D5007A7115 /* Padlock.framework */;
			productType = "com.apple.product-type.framework";
		};
		8CB98227195AA7D5007A7115 /* PadlockTests */ = {
			isa = PBXNativeTarget;
			buildConfigurationList = 8CB9823C195AA7D5007A7115 /* Build configuration list for PBXNativeTarget "PadlockTests" */;
			buildPhases = (
				8CB98224195AA7D5007A7115 /* Sources */,
				8CB98225195AA7D5007A7115 /* Frameworks */,
				8CB98226195AA7D5007A7115 /* Resources */,
			);
			buildRules = (
			);
			dependencies = (
				8CB9822B195AA7D5007A7115 /* PBXTargetDependency */,
			);
			name = PadlockTests;
			productName = PadlockTests;
			productReference = 8CB98228195AA7D5007A7115 /* PadlockTests.xctest */;
			productType = "com.apple.product-type.bundle.unit-test";
		};
/* End PBXNativeTarget section */

/* Begin PBXProject section */
		8C10124E19403C7D00ED0557 /* Project object */ = {
			isa = PBXProject;
			attributes = {
				LastUpgradeCheck = 0600;
				ORGANIZATIONNAME = rubyist.today;
				TargetAttributes = {
					8C10125519403C7D00ED0557 = {
						CreatedOnToolsVersion = 6.0;
					};
					8C10126719403C7D00ED0557 = {
						CreatedOnToolsVersion = 6.0;
						TestTargetID = 8C10125519403C7D00ED0557;
					};
					8CB9821D195AA7D5007A7115 = {
						CreatedOnToolsVersion = 6.0;
					};
					8CB98227195AA7D5007A7115 = {
						CreatedOnToolsVersion = 6.0;
						TestTargetID = 8CB9821D195AA7D5007A7115;
					};
				};
			};
			buildConfigurationList = 8C10125119403C7D00ED0557 /* Build configuration list for PBXProject "bna" */;
			compatibilityVersion = "Xcode 6.3";
			developmentRegion = English;
			hasScannedForEncodings = 0;
			knownRegions = (
				en,
				Base,
			);
			mainGroup = 8C10124D19403C7D00ED0557;
			productRefGroup = 8C10125719403C7D00ED0557 /* Products */;
			projectDirPath = "";
			projectRoot = "";
			targets = (
				8C10125519403C7D00ED0557 /* bna */,
				8C10126719403C7D00ED0557 /* bnaTests */,
				8CB9821D195AA7D5007A7115 /* Padlock */,
				8CB98227195AA7D5007A7115 /* PadlockTests */,
			);
		};
/* End PBXProject section */

/* Begin PBXResourcesBuildPhase section */
		8C10125419403C7D00ED0557 /* Resources */ = {
			isa = PBXResourcesBuildPhase;
			buildActionMask = 2147483647;
			files = (
				8C10126119403C7D00ED0557 /* Main.storyboard in Resources */,
				8C10126319403C7D00ED0557 /* Images.xcassets in Resources */,
			);
			runOnlyForDeploymentPostprocessing = 0;
		};
		8C10126619403C7D00ED0557 /* Resources */ = {
			isa = PBXResourcesBuildPhase;
			buildActionMask = 2147483647;
			files = (
			);
			runOnlyForDeploymentPostprocessing = 0;
		};
		8CB9821C195AA7D5007A7115 /* Resources */ = {
			isa = PBXResourcesBuildPhase;
			buildActionMask = 2147483647;
			files = (
			);
			runOnlyForDeploymentPostprocessing = 0;
		};
		8CB98226195AA7D5007A7115 /* Resources */ = {
			isa = PBXResourcesBuildPhase;
			buildActionMask = 2147483647;
			files = (
			);
			runOnlyForDeploymentPostprocessing = 0;
		};
/* End PBXResourcesBuildPhase section */

/* Begin PBXShellScriptBuildPhase section */
		54C1C0DF0F36DACB81C0F2BA /* Copy Pods Resources */ = {
			isa = PBXShellScriptBuildPhase;
			buildActionMask = 2147483647;
			files = (
			);
			inputPaths = (
			);
			name = "Copy Pods Resources";
			outputPaths = (
			);
			runOnlyForDeploymentPostprocessing = 0;
			shellPath = /bin/sh;
			shellScript = "\"${SRCROOT}/Pods/Target Support Files/Pods/Pods-resources.sh\"\n";
			showEnvVarsInLog = 0;
		};
		58C97EFDB2F6C753E3DE68DC /* Check Pods Manifest.lock */ = {
			isa = PBXShellScriptBuildPhase;
			buildActionMask = 2147483647;
			files = (
			);
			inputPaths = (
			);
			name = "Check Pods Manifest.lock";
			outputPaths = (
			);
			runOnlyForDeploymentPostprocessing = 0;
			shellPath = /bin/sh;
			shellScript = "diff \"${PODS_ROOT}/../Podfile.lock\" \"${PODS_ROOT}/Manifest.lock\" > /dev/null\nif [[ $? != 0 ]] ; then\n    cat << EOM\nerror: The sandbox is not in sync with the Podfile.lock. Run 'pod install' or update your CocoaPods installation.\nEOM\n    exit 1\nfi\n";
			showEnvVarsInLog = 0;
		};
		8CF3D06346E121C2C38C222B /* Check Pods Manifest.lock */ = {
			isa = PBXShellScriptBuildPhase;
			buildActionMask = 2147483647;
			files = (
			);
			inputPaths = (
			);
			name = "Check Pods Manifest.lock";
			outputPaths = (
			);
			runOnlyForDeploymentPostprocessing = 0;
			shellPath = /bin/sh;
			shellScript = "diff \"${PODS_ROOT}/../Podfile.lock\" \"${PODS_ROOT}/Manifest.lock\" > /dev/null\nif [[ $? != 0 ]] ; then\n    cat << EOM\nerror: The sandbox is not in sync with the Podfile.lock. Run 'pod install' or update your CocoaPods installation.\nEOM\n    exit 1\nfi\n";
			showEnvVarsInLog = 0;
		};
		972BB9E8544DD61EA1A1439D /* Copy Pods Resources */ = {
			isa = PBXShellScriptBuildPhase;
			buildActionMask = 2147483647;
			files = (
			);
			inputPaths = (
			);
			name = "Copy Pods Resources";
			outputPaths = (
			);
			runOnlyForDeploymentPostprocessing = 0;
			shellPath = /bin/sh;
			shellScript = "\"${SRCROOT}/Pods/Target Support Files/Pods/Pods-resources.sh\"\n";
			showEnvVarsInLog = 0;
		};
		F2F8965A571E2EA403ED3C46 /* Embed Pods Frameworks */ = {
			isa = PBXShellScriptBuildPhase;
			buildActionMask = 2147483647;
			files = (
			);
			inputPaths = (
			);
			name = "Embed Pods Frameworks";
			outputPaths = (
			);
			runOnlyForDeploymentPostprocessing = 0;
			shellPath = /bin/sh;
			shellScript = "\"${SRCROOT}/Pods/Target Support Files/Pods/Pods-frameworks.sh\"\n";
			showEnvVarsInLog = 0;
		};
/* End PBXShellScriptBuildPhase section */

/* Begin PBXSourcesBuildPhase section */
		8C10125219403C7D00ED0557 /* Sources */ = {
			isa = PBXSourcesBuildPhase;
			buildActionMask = 2147483647;
			files = (
				8C10125E19403C7D00ED0557 /* MainViewController.swift in Sources */,
				8C62F139195ABD6B00E9FA4F /* Util.swift in Sources */,
				8CF7423B1958251B000275BC /* AuthenticatorCell.swift in Sources */,
				8CF7423D19582549000275BC /* DetailViewController.swift in Sources */,
				8CF459DB195B02A6006F5F4E /* BNNavigationController.swift in Sources */,
				8CF7423F19582567000275BC /* RestorationViewController.swift in Sources */,
				8C10125C19403C7D00ED0557 /* AppDelegate.swift in Sources */,
			);
			runOnlyForDeploymentPostprocessing = 0;
		};
		8C10126419403C7D00ED0557 /* Sources */ = {
			isa = PBXSourcesBuildPhase;
			buildActionMask = 2147483647;
			files = (
				8C10126F19403C7D00ED0557 /* bnaTests.swift in Sources */,
			);
			runOnlyForDeploymentPostprocessing = 0;
		};
		8CB98219195AA7D5007A7115 /* Sources */ = {
			isa = PBXSourcesBuildPhase;
			buildActionMask = 2147483647;
			files = (
				8CB9824B195AA962007A7115 /* Authenticator.swift in Sources */,
				8CB98252195AA962007A7115 /* Secret.swift in Sources */,
				8CE4C5431B10B2BC00874BFA /* Functions.swift in Sources */,
				8CB98251195AA962007A7115 /* Restorecode.swift in Sources */,
				8CB98255195AA962007A7115 /* AuthenticatorStorage.swift in Sources */,
				8CAA9B3A1B0CD09300796744 /* bigd.c in Sources */,
				8CB98253195AA962007A7115 /* Serial.swift in Sources */,
				8CAA9B3C1B0CD09300796744 /* bigdigits.c in Sources */,
			);
			runOnlyForDeploymentPostprocessing = 0;
		};
		8CB98224195AA7D5007A7115 /* Sources */ = {
			isa = PBXSourcesBuildPhase;
			buildActionMask = 2147483647;
			files = (
				8CB98230195AA7D5007A7115 /* PadlockTests.swift in Sources */,
			);
			runOnlyForDeploymentPostprocessing = 0;
		};
/* End PBXSourcesBuildPhase section */

/* Begin PBXTargetDependency section */
		8C10126A19403C7D00ED0557 /* PBXTargetDependency */ = {
			isa = PBXTargetDependency;
			target = 8C10125519403C7D00ED0557 /* bna */;
			targetProxy = 8C10126919403C7D00ED0557 /* PBXContainerItemProxy */;
		};
		8C1D511519597248004D7FBC /* PBXTargetDependency */ = {
			isa = PBXTargetDependency;
			target = 8C10125519403C7D00ED0557 /* bna */;
			targetProxy = 8C1D511419597248004D7FBC /* PBXContainerItemProxy */;
		};
		8C1D511719597249004D7FBC /* PBXTargetDependency */ = {
			isa = PBXTargetDependency;
			target = 8C10125519403C7D00ED0557 /* bna */;
			targetProxy = 8C1D511619597249004D7FBC /* PBXContainerItemProxy */;
		};
		8C48B711194821D900829493 /* PBXTargetDependency */ = {
			isa = PBXTargetDependency;
			target = 8C10125519403C7D00ED0557 /* bna */;
			targetProxy = 8C48B710194821D900829493 /* PBXContainerItemProxy */;
		};
		8CB9822B195AA7D5007A7115 /* PBXTargetDependency */ = {
			isa = PBXTargetDependency;
			target = 8CB9821D195AA7D5007A7115 /* Padlock */;
			targetProxy = 8CB9822A195AA7D5007A7115 /* PBXContainerItemProxy */;
		};
		8CB98232195AA7D5007A7115 /* PBXTargetDependency */ = {
			isa = PBXTargetDependency;
			target = 8CB9821D195AA7D5007A7115 /* Padlock */;
			targetProxy = 8CB98231195AA7D5007A7115 /* PBXContainerItemProxy */;
		};
		8CB98236195AA7D5007A7115 /* PBXTargetDependency */ = {
			isa = PBXTargetDependency;
			target = 8CB9821D195AA7D5007A7115 /* Padlock */;
			targetProxy = 8CB98235195AA7D5007A7115 /* PBXContainerItemProxy */;
		};
/* End PBXTargetDependency section */

/* Begin PBXVariantGroup section */
		8C10125F19403C7D00ED0557 /* Main.storyboard */ = {
			isa = PBXVariantGroup;
			children = (
				8C10126019403C7D00ED0557 /* Base */,
			);
			name = Main.storyboard;
			sourceTree = "<group>";
		};
/* End PBXVariantGroup section */

/* Begin XCBuildConfiguration section */
		8C10127019403C7D00ED0557 /* Debug */ = {
			isa = XCBuildConfiguration;
			buildSettings = {
				ALWAYS_SEARCH_USER_PATHS = NO;
				CLANG_ENABLE_MODULES = YES;
				CLANG_ENABLE_OBJC_ARC = YES;
				CLANG_WARN_BOOL_CONVERSION = YES;
				CLANG_WARN_CONSTANT_CONVERSION = YES;
				CLANG_WARN_DIRECT_OBJC_ISA_USAGE = YES_ERROR;
				CLANG_WARN_EMPTY_BODY = YES;
				CLANG_WARN_ENUM_CONVERSION = YES;
				CLANG_WARN_INT_CONVERSION = YES;
				CLANG_WARN_OBJC_ROOT_CLASS = YES_ERROR;
				CLANG_WARN_UNREACHABLE_CODE = YES;
				CLANG_WARN__DUPLICATE_METHOD_MATCH = YES;
				"CODE_SIGN_IDENTITY[sdk=iphoneos*]" = "iPhone Developer";
				COPY_PHASE_STRIP = NO;
				ENABLE_STRICT_OBJC_MSGSEND = YES;
				GCC_DYNAMIC_NO_PIC = NO;
				GCC_OPTIMIZATION_LEVEL = 0;
				GCC_PREPROCESSOR_DEFINITIONS = (
					"DEBUG=1",
					"$(inherited)",
				);
				GCC_SYMBOLS_PRIVATE_EXTERN = NO;
				GCC_WARN_64_TO_32_BIT_CONVERSION = YES;
				GCC_WARN_ABOUT_RETURN_TYPE = YES_ERROR;
				GCC_WARN_UNDECLARED_SELECTOR = YES;
				GCC_WARN_UNINITIALIZED_AUTOS = YES_AGGRESSIVE;
				GCC_WARN_UNUSED_FUNCTION = YES;
				GCC_WARN_UNUSED_VARIABLE = YES;
				METAL_ENABLE_DEBUG_INFO = YES;
				ONLY_ACTIVE_ARCH = YES;
				SDKROOT = iphoneos;
				SWIFT_OPTIMIZATION_LEVEL = "-Onone";
			};
			name = Debug;
		};
		8C10127119403C7D00ED0557 /* Release */ = {
			isa = XCBuildConfiguration;
			buildSettings = {
				ALWAYS_SEARCH_USER_PATHS = NO;
				CLANG_ENABLE_MODULES = YES;
				CLANG_ENABLE_OBJC_ARC = YES;
				CLANG_WARN_BOOL_CONVERSION = YES;
				CLANG_WARN_CONSTANT_CONVERSION = YES;
				CLANG_WARN_DIRECT_OBJC_ISA_USAGE = YES_ERROR;
				CLANG_WARN_EMPTY_BODY = YES;
				CLANG_WARN_ENUM_CONVERSION = YES;
				CLANG_WARN_INT_CONVERSION = YES;
				CLANG_WARN_OBJC_ROOT_CLASS = YES_ERROR;
				CLANG_WARN_UNREACHABLE_CODE = YES;
				CLANG_WARN__DUPLICATE_METHOD_MATCH = YES;
				"CODE_SIGN_IDENTITY[sdk=iphoneos*]" = "iPhone Developer";
				COPY_PHASE_STRIP = YES;
				ENABLE_NS_ASSERTIONS = NO;
				ENABLE_STRICT_OBJC_MSGSEND = YES;
				GCC_WARN_64_TO_32_BIT_CONVERSION = YES;
				GCC_WARN_ABOUT_RETURN_TYPE = YES_ERROR;
				GCC_WARN_UNDECLARED_SELECTOR = YES;
				GCC_WARN_UNINITIALIZED_AUTOS = YES_AGGRESSIVE;
				GCC_WARN_UNUSED_FUNCTION = YES;
				GCC_WARN_UNUSED_VARIABLE = YES;
				METAL_ENABLE_DEBUG_INFO = NO;
				SDKROOT = iphoneos;
				VALIDATE_PRODUCT = YES;
			};
			name = Release;
		};
		8C10127319403C7D00ED0557 /* Debug */ = {
			isa = XCBuildConfiguration;
			baseConfigurationReference = 7E9257AC2A737FAC37968EA6 /* Pods.debug.xcconfig */;
			buildSettings = {
				ASSETCATALOG_COMPILER_APPICON_NAME = AppIcon;
				ASSETCATALOG_COMPILER_LAUNCHIMAGE_NAME = LaunchImage;
				CLANG_ENABLE_MODULES = YES;
				GCC_WARN_ABOUT_MISSING_NEWLINE = YES;
				INFOPLIST_FILE = bna/Info.plist;
				LD_RUNPATH_SEARCH_PATHS = "$(inherited) @executable_path/Frameworks";
				PRODUCT_NAME = "$(TARGET_NAME)";
				SWIFT_INSTALL_OBJC_HEADER = NO;
				SWIFT_OPTIMIZATION_LEVEL = "-Onone";
				TARGETED_DEVICE_FAMILY = 1;
			};
			name = Debug;
		};
		8C10127419403C7D00ED0557 /* Release */ = {
			isa = XCBuildConfiguration;
			baseConfigurationReference = B16347C85EAE83DBE4BBCF65 /* Pods.release.xcconfig */;
			buildSettings = {
				ASSETCATALOG_COMPILER_APPICON_NAME = AppIcon;
				ASSETCATALOG_COMPILER_LAUNCHIMAGE_NAME = LaunchImage;
				CLANG_ENABLE_MODULES = YES;
				GCC_WARN_ABOUT_MISSING_NEWLINE = YES;
				INFOPLIST_FILE = bna/Info.plist;
				LD_RUNPATH_SEARCH_PATHS = "$(inherited) @executable_path/Frameworks";
				PRODUCT_NAME = "$(TARGET_NAME)";
				SWIFT_INSTALL_OBJC_HEADER = NO;
				TARGETED_DEVICE_FAMILY = 1;
			};
			name = Release;
		};
		8C10127619403C7D00ED0557 /* Debug */ = {
			isa = XCBuildConfiguration;
			buildSettings = {
				BUNDLE_LOADER = "$(BUILT_PRODUCTS_DIR)/bna.app/bna";
				FRAMEWORK_SEARCH_PATHS = (
					"$(SDKROOT)/Developer/Library/Frameworks",
					"$(inherited)",
				);
				GCC_PREPROCESSOR_DEFINITIONS = (
					"DEBUG=1",
					"$(inherited)",
				);
				INFOPLIST_FILE = bnaTests/Info.plist;
				LD_RUNPATH_SEARCH_PATHS = "$(inherited) @executable_path/Frameworks @loader_path/Frameworks";
				METAL_ENABLE_DEBUG_INFO = YES;
				PRODUCT_NAME = "$(TARGET_NAME)";
				TEST_HOST = "$(BUNDLE_LOADER)";
			};
			name = Debug;
		};
		8C10127719403C7D00ED0557 /* Release */ = {
			isa = XCBuildConfiguration;
			buildSettings = {
				BUNDLE_LOADER = "$(BUILT_PRODUCTS_DIR)/bna.app/bna";
				FRAMEWORK_SEARCH_PATHS = (
					"$(SDKROOT)/Developer/Library/Frameworks",
					"$(inherited)",
				);
				INFOPLIST_FILE = bnaTests/Info.plist;
				LD_RUNPATH_SEARCH_PATHS = "$(inherited) @executable_path/Frameworks @loader_path/Frameworks";
				METAL_ENABLE_DEBUG_INFO = NO;
				PRODUCT_NAME = "$(TARGET_NAME)";
				TEST_HOST = "$(BUNDLE_LOADER)";
			};
			name = Release;
		};
		8CB98237195AA7D5007A7115 /* Debug */ = {
			isa = XCBuildConfiguration;
			baseConfigurationReference = 7E9257AC2A737FAC37968EA6 /* Pods.debug.xcconfig */;
			buildSettings = {
				CLANG_CXX_LANGUAGE_STANDARD = "gnu++0x";
				CLANG_CXX_LIBRARY = "libc++";
				CURRENT_PROJECT_VERSION = 1;
				DEFINES_MODULE = YES;
				DYLIB_COMPATIBILITY_VERSION = 1;
				DYLIB_CURRENT_VERSION = 1;
				DYLIB_INSTALL_NAME_BASE = "@rpath";
				GCC_C_LANGUAGE_STANDARD = gnu99;
				GCC_PREPROCESSOR_DEFINITIONS = (
					"DEBUG=1",
					"$(inherited)",
				);
				INFOPLIST_FILE = Padlock/Info.plist;
				INSTALL_PATH = "$(LOCAL_LIBRARY_DIR)/Frameworks";
				LD_RUNPATH_SEARCH_PATHS = "$(inherited) @executable_path/Frameworks @loader_path/Frameworks";
				LIBRARY_SEARCH_PATHS = (
					"$(inherited)",
					"$(SDKROOT)/usr/lib/system",
				);
				METAL_ENABLE_DEBUG_INFO = YES;
				PRODUCT_NAME = "$(TARGET_NAME)";
				SKIP_INSTALL = YES;
				SWIFT_INCLUDE_PATHS = Frameworks;
				TARGETED_DEVICE_FAMILY = "1,2";
				VERSIONING_SYSTEM = "apple-generic";
				VERSION_INFO_PREFIX = "";
			};
			name = Debug;
		};
		8CB98238195AA7D5007A7115 /* Release */ = {
			isa = XCBuildConfiguration;
			baseConfigurationReference = B16347C85EAE83DBE4BBCF65 /* Pods.release.xcconfig */;
			buildSettings = {
				CLANG_CXX_LANGUAGE_STANDARD = "gnu++0x";
				CLANG_CXX_LIBRARY = "libc++";
				CURRENT_PROJECT_VERSION = 1;
				DEFINES_MODULE = YES;
				DYLIB_COMPATIBILITY_VERSION = 1;
				DYLIB_CURRENT_VERSION = 1;
				DYLIB_INSTALL_NAME_BASE = "@rpath";
				GCC_C_LANGUAGE_STANDARD = gnu99;
				INFOPLIST_FILE = Padlock/Info.plist;
				INSTALL_PATH = "$(LOCAL_LIBRARY_DIR)/Frameworks";
				LD_RUNPATH_SEARCH_PATHS = "$(inherited) @executable_path/Frameworks @loader_path/Frameworks";
				LIBRARY_SEARCH_PATHS = (
					"$(inherited)",
					"$(SDKROOT)/usr/lib/system",
				);
				METAL_ENABLE_DEBUG_INFO = NO;
				PRODUCT_NAME = "$(TARGET_NAME)";
				SKIP_INSTALL = YES;
				SWIFT_INCLUDE_PATHS = Frameworks;
				TARGETED_DEVICE_FAMILY = "1,2";
				VERSIONING_SYSTEM = "apple-generic";
				VERSION_INFO_PREFIX = "";
			};
			name = Release;
		};
		8CB98239195AA7D5007A7115 /* Debug */ = {
			isa = XCBuildConfiguration;
			buildSettings = {
				CLANG_CXX_LANGUAGE_STANDARD = "gnu++0x";
				CLANG_CXX_LIBRARY = "libc++";
				FRAMEWORK_SEARCH_PATHS = (
					"$(SDKROOT)/Developer/Library/Frameworks",
					"$(inherited)",
				);
				GCC_C_LANGUAGE_STANDARD = gnu99;
				GCC_PREPROCESSOR_DEFINITIONS = (
					"DEBUG=1",
					"$(inherited)",
				);
				INFOPLIST_FILE = PadlockTests/Info.plist;
				LD_RUNPATH_SEARCH_PATHS = "$(inherited) @executable_path/Frameworks @loader_path/Frameworks";
				METAL_ENABLE_DEBUG_INFO = YES;
				PRODUCT_NAME = "$(TARGET_NAME)";
			};
			name = Debug;
		};
		8CB9823A195AA7D5007A7115 /* Release */ = {
			isa = XCBuildConfiguration;
			buildSettings = {
				CLANG_CXX_LANGUAGE_STANDARD = "gnu++0x";
				CLANG_CXX_LIBRARY = "libc++";
				FRAMEWORK_SEARCH_PATHS = (
					"$(SDKROOT)/Developer/Library/Frameworks",
					"$(inherited)",
				);
				GCC_C_LANGUAGE_STANDARD = gnu99;
				INFOPLIST_FILE = PadlockTests/Info.plist;
				LD_RUNPATH_SEARCH_PATHS = "$(inherited) @executable_path/Frameworks @loader_path/Frameworks";
				METAL_ENABLE_DEBUG_INFO = NO;
				PRODUCT_NAME = "$(TARGET_NAME)";
			};
			name = Release;
		};
/* End XCBuildConfiguration section */

/* Begin XCConfigurationList section */
		8C10125119403C7D00ED0557 /* Build configuration list for PBXProject "bna" */ = {
			isa = XCConfigurationList;
			buildConfigurations = (
				8C10127019403C7D00ED0557 /* Debug */,
				8C10127119403C7D00ED0557 /* Release */,
			);
			defaultConfigurationIsVisible = 0;
			defaultConfigurationName = Release;
		};
		8C10127219403C7D00ED0557 /* Build configuration list for PBXNativeTarget "bna" */ = {
			isa = XCConfigurationList;
			buildConfigurations = (
				8C10127319403C7D00ED0557 /* Debug */,
				8C10127419403C7D00ED0557 /* Release */,
			);
			defaultConfigurationIsVisible = 0;
			defaultConfigurationName = Release;
		};
		8C10127519403C7D00ED0557 /* Build configuration list for PBXNativeTarget "bnaTests" */ = {
			isa = XCConfigurationList;
			buildConfigurations = (
				8C10127619403C7D00ED0557 /* Debug */,
				8C10127719403C7D00ED0557 /* Release */,
			);
			defaultConfigurationIsVisible = 0;
			defaultConfigurationName = Release;
		};
		8CB9823B195AA7D5007A7115 /* Build configuration list for PBXNativeTarget "Padlock" */ = {
			isa = XCConfigurationList;
			buildConfigurations = (
				8CB98237195AA7D5007A7115 /* Debug */,
				8CB98238195AA7D5007A7115 /* Release */,
			);
			defaultConfigurationIsVisible = 0;
			defaultConfigurationName = Release;
		};
		8CB9823C195AA7D5007A7115 /* Build configuration list for PBXNativeTarget "PadlockTests" */ = {
			isa = XCConfigurationList;
			buildConfigurations = (
				8CB98239195AA7D5007A7115 /* Debug */,
				8CB9823A195AA7D5007A7115 /* Release */,
			);
			defaultConfigurationIsVisible = 0;
			defaultConfigurationName = Release;
		};
/* End XCConfigurationList section */
	};
	rootObject = 8C10124E19403C7D00ED0557 /* Project object */;
}
